<?xml version="1.0"?>
<Project ToolsVersion="4.0" xmlns="http://schemas.microsoft.com/developer/msbuild/2003">
	<ItemGroup>
		<ClCompile Include="src\ofApp.cpp">
			<Filter>src</Filter>
		</ClCompile>
		<ClCompile Include="src\main.cpp">
			<Filter>src</Filter>
		</ClCompile>
		<ClCompile Include="src\main.cpp">
			<Filter>src</Filter>
		</ClCompile>
		<ClCompile Include="src\ofApp.cpp">
			<Filter>src</Filter>
		</ClCompile>
		<ClCompile Include="..\..\..\addons\ofxOpenVR\src\CGLRenderModel.cpp">
			<Filter>addons\ofxOpenVR\src</Filter>
		</ClCompile>
		<ClCompile Include="..\..\..\addons\ofxOpenVR\src\ofxOpenVR.cpp">
			<Filter>addons\ofxOpenVR\src</Filter>
		</ClCompile>
		<ClCompile Include="..\..\..\addons\ofxZED\src\ofxZED.cpp">
			<Filter>addons\ofxZED\src</Filter>
		</ClCompile>
		<ClCompile Include="..\..\..\addons\ofxZEDMR\src\ofxZEDMR.cpp">
			<Filter>addons\ofxZEDMR\src</Filter>
		</ClCompile>
	</ItemGroup>
	<ItemGroup>
		<Filter Include="src">
			<UniqueIdentifier>{d8376475-7454-4a24-b08a-aac121d3ad6f}</UniqueIdentifier>
		</Filter>
		<Filter Include="addons">
			<UniqueIdentifier>{71834F65-F3A9-211E-73B8-DC85}</UniqueIdentifier>
		</Filter>
		<Filter Include="addons\ofxOpenVR">
			<UniqueIdentifier>{25970F59-3B24-8040-6C34-148E}</UniqueIdentifier>
		</Filter>
		<Filter Include="addons\ofxOpenVR\src">
			<UniqueIdentifier>{6FB18BEC-43E9-843A-26C7-992D}</UniqueIdentifier>
		</Filter>
		<Filter Include="addons\ofxOpenVR\libs">
			<UniqueIdentifier>{D3C43731-E944-3D09-901B-C4E3}</UniqueIdentifier>
		</Filter>
		<Filter Include="addons\ofxOpenVR\libs\OpenVR">
			<UniqueIdentifier>{5F047289-8696-3B4A-7B9A-EE17}</UniqueIdentifier>
		</Filter>
		<Filter Include="addons\ofxOpenVR\libs\OpenVR\headers">
			<UniqueIdentifier>{A589BCA1-C9C9-D575-C996-0AAC}</UniqueIdentifier>
		</Filter>
		<Filter Include="addons\ofxZED">
			<UniqueIdentifier>{6068A7D6-93FE-693C-D4F7-A68B}</UniqueIdentifier>
		</Filter>
		<Filter Include="addons\ofxZED\src">
			<UniqueIdentifier>{73DFAEC2-B674-1327-779A-3A18}</UniqueIdentifier>
		</Filter>
		<Filter Include="addons\ofxZED\libs">
			<UniqueIdentifier>{9D8D5EB0-70FC-BD6B-8A9F-318F}</UniqueIdentifier>
		</Filter>
		<Filter Include="addons\ofxZED\libs\ZED">
			<UniqueIdentifier>{0E7A03EA-5A38-221D-0833-E9B9}</UniqueIdentifier>
		</Filter>
		<Filter Include="addons\ofxZED\libs\ZED\include">
			<UniqueIdentifier>{6C5231B4-1A37-260F-99E5-1995}</UniqueIdentifier>
		</Filter>
		<Filter Include="addons\ofxZED\libs\ZED\include\sl">
			<UniqueIdentifier>{BD492871-01AD-EB0B-0BB0-EF1B}</UniqueIdentifier>
		</Filter>
		<Filter Include="addons\ofxZED\libs\ZED\include\sl_core">
			<UniqueIdentifier>{56C9DABD-B19E-5D79-E103-F034}</UniqueIdentifier>
		</Filter>
		<Filter Include="addons\ofxZED\libs\ZED\include\sl_core\mapping">
			<UniqueIdentifier>{C64EEEE4-33F4-66A2-7E38-8C9A}</UniqueIdentifier>
		</Filter>
		<Filter Include="addons\ofxZED\libs\ZED\include\sl_core\utils">
			<UniqueIdentifier>{11A22ECC-B057-C00E-BE2B-E9FE}</UniqueIdentifier>
		</Filter>
		<Filter Include="addons\ofxZED\libs\ZED\include\sl_zed">
			<UniqueIdentifier>{AA89F54A-AF2B-6022-E630-9A92}</UniqueIdentifier>
		</Filter>
		<Filter Include="addons\ofxZEDMR">
			<UniqueIdentifier>{529802D4-A837-70EB-27DF-8C4A}</UniqueIdentifier>
		</Filter>
		<Filter Include="addons\ofxZEDMR\src">
			<UniqueIdentifier>{4E7B1859-655D-2674-DE5F-5BCF}</UniqueIdentifier>
		</Filter>
		<Filter Include="addons\ofxZEDMR\libs">
			<UniqueIdentifier>{12B35081-7748-D8EF-7C0D-0FE6}</UniqueIdentifier>
		</Filter>
		<Filter Include="addons\ofxZEDMR\libs\ZED_MR">
			<UniqueIdentifier>{F349FB9B-89B9-6123-11CB-E5DD}</UniqueIdentifier>
		</Filter>
		<Filter Include="addons\ofxZEDMR\libs\ZED_MR\include">
			<UniqueIdentifier>{1B84A091-0342-DE3F-6FCA-EC93}</UniqueIdentifier>
		</Filter>
		<Filter Include="addons\ofxZEDMR\libs\ZED_MR\include\sl_mr_core">
			<UniqueIdentifier>{C0666FE9-0336-B8D2-32F1-C725}</UniqueIdentifier>
		</Filter>
	</ItemGroup>
	<ItemGroup>
		<ClInclude Include="src\ofApp.h">
			<Filter>src</Filter>
		</ClInclude>
		<ClInclude Include="src\ofApp.h">
			<Filter>src</Filter>
		</ClInclude>
		<ClInclude Include="..\..\..\addons\ofxOpenVR\src\CGLRenderModel.h">
			<Filter>addons\ofxOpenVR\src</Filter>
		</ClInclude>
		<ClInclude Include="..\..\..\addons\ofxOpenVR\src\ofxOpenVR.h">
			<Filter>addons\ofxOpenVR\src</Filter>
		</ClInclude>
		<ClInclude Include="..\..\..\addons\ofxOpenVR\libs\OpenVR\headers\openvr.h">
			<Filter>addons\ofxOpenVR\libs\OpenVR\headers</Filter>
		</ClInclude>
		<ClInclude Include="..\..\..\addons\ofxOpenVR\libs\OpenVR\headers\openvr_capi.h">
			<Filter>addons\ofxOpenVR\libs\OpenVR\headers</Filter>
		</ClInclude>
		<ClInclude Include="..\..\..\addons\ofxOpenVR\libs\OpenVR\headers\openvr_driver.h">
			<Filter>addons\ofxOpenVR\libs\OpenVR\headers</Filter>
		</ClInclude>
		<ClInclude Include="..\..\..\addons\ofxZED\src\ofxZED.h">
			<Filter>addons\ofxZED\src</Filter>
		</ClInclude>
		<ClInclude Include="..\..\..\addons\ofxZED\libs\ZED\include\sl\Camera.hpp">
			<Filter>addons\ofxZED\libs\ZED\include\sl</Filter>
		</ClInclude>
		<ClInclude Include="..\..\..\addons\ofxZED\libs\ZED\include\sl\Core.hpp">
			<Filter>addons\ofxZED\libs\ZED\include\sl</Filter>
		</ClInclude>
		<ClInclude Include="..\..\..\addons\ofxZED\libs\ZED\include\sl\defines.hpp">
			<Filter>addons\ofxZED\libs\ZED\include\sl</Filter>
		</ClInclude>
		<ClInclude Include="..\..\..\addons\ofxZED\libs\ZED\include\sl\Mesh.hpp">
			<Filter>addons\ofxZED\libs\ZED\include\sl</Filter>
		</ClInclude>
		<ClInclude Include="..\..\..\addons\ofxZED\libs\ZED\include\sl\types.hpp">
			<Filter>addons\ofxZED\libs\ZED\include\sl</Filter>
		</ClInclude>
		<ClInclude Include="..\..\..\addons\ofxZED\libs\ZED\include\sl_core\mapping\Mesh.hpp">
			<Filter>addons\ofxZED\libs\ZED\include\sl_core\mapping</Filter>
		</ClInclude>
		<ClInclude Include="..\..\..\addons\ofxZED\libs\ZED\include\sl_core\utils\Core.hpp">
			<Filter>addons\ofxZED\libs\ZED\include\sl_core\utils</Filter>
		</ClInclude>
		<ClInclude Include="..\..\..\addons\ofxZED\libs\ZED\include\sl_core\utils\types.hpp">
			<Filter>addons\ofxZED\libs\ZED\include\sl_core\utils</Filter>
		</ClInclude>
		<ClInclude Include="..\..\..\addons\ofxZED\libs\ZED\include\sl_zed\Camera.hpp">
			<Filter>addons\ofxZED\libs\ZED\include\sl_zed</Filter>
		</ClInclude>
		<ClInclude Include="..\..\..\addons\ofxZED\libs\ZED\include\sl_zed\defines.hpp">
			<Filter>addons\ofxZED\libs\ZED\include\sl_zed</Filter>
		</ClInclude>
		<ClInclude Include="..\..\..\addons\ofxZEDMR\src\ofxZEDMR.h">
			<Filter>addons\ofxZEDMR\src</Filter>
		</ClInclude>
		<ClInclude Include="..\..\..\addons\ofxZEDMR\libs\ZED_MR\include\sl_mr_core\AntiDrift.hpp">
			<Filter>addons\ofxZEDMR\libs\ZED_MR\include\sl_mr_core</Filter>
		</ClInclude>
		<ClInclude Include="..\..\..\addons\ofxZEDMR\libs\ZED_MR\include\sl_mr_core\defines.hpp">
			<Filter>addons\ofxZEDMR\libs\ZED_MR\include\sl_mr_core</Filter>
		</ClInclude>
		<ClInclude Include="..\..\..\addons\ofxZEDMR\libs\ZED_MR\include\sl_mr_core\EnvironmentalLighting.hpp">
			<Filter>addons\ofxZEDMR\libs\ZED_MR\include\sl_mr_core</Filter>
		</ClInclude>
		<ClInclude Include="..\..\..\addons\ofxZEDMR\libs\ZED_MR\include\sl_mr_core\latency.hpp">
			<Filter>addons\ofxZEDMR\libs\ZED_MR\include\sl_mr_core</Filter>
		</ClInclude>
		<ClInclude Include="..\..\..\addons\ofxZEDMR\libs\ZED_MR\include\sl_mr_core\Rendering.hpp">
			<Filter>addons\ofxZEDMR\libs\ZED_MR\include\sl_mr_core</Filter>
		</ClInclude>
	</ItemGroup>
	<ItemGroup>
		<ResourceCompile Include="icon.rc" />
	</ItemGroup>
</Project>
